
Microsoft Visual Studio Solution File, Format Version 11.00
# Visual Studio 2010
Project("{FAE04EC0-301F-11D3-BF4B-00C04F79EFBC}") = "CitizenJournalismNetworkServer", "CitizenJournalismNetworkServer\CitizenJournalismNetworkServer.csproj", "{2B39067A-850A-480F-B584-924362330775}"
EndProject
Global
	GlobalSection(SolutionConfigurationPlatforms) = preSolution
		Debug|Any CPU = Debug|Any CPU
		Release|Any CPU = Release|Any CPU
	EndGlobalSection
	GlobalSection(ProjectConfigurationPlatforms) = postSolution
		{2B39067A-850A-480F-B584-924362330775}.Debug|Any CPU.ActiveCfg = Debug|Any CPU
		{2B39067A-850A-480F-B584-924362330775}.Debug|Any CPU.Build.0 = Debug|Any CPU
		{2B39067A-850A-480F-B584-924362330775}.Release|Any CPU.ActiveCfg = Release|Any CPU
		{2B39067A-850A-480F-B584-924362330775}.Release|Any CPU.Build.0 = Release|Any CPU
	EndGlobalSection
	GlobalSection(SolutionProperties) = preSolution
		HideSolutionNode = FALSE
	EndGlobalSection
EndGlobal
